
Microsoft Visual Studio Solution File, Format Version 12.00
# Visual Studio 15
VisualStudioVersion = 15.0.28307.489
MinimumVisualStudioVersion = 10.0.40219.1
Project("{FAE04EC0-301F-11D3-BF4B-00C04F79EFBC}") = "Administrativo", "Administrativo\Administrativo.csproj", "{60E156C7-5086-48CC-BF46-A51D94D21513}"
EndProject
Project("{FAE04EC0-301F-11D3-BF4B-00C04F79EFBC}") = "Site", "Site\Site.csproj", "{92F4F4F5-4D47-400E-A9BF-EAF1E496362D}"
EndProject
Project("{FAE04EC0-301F-11D3-BF4B-00C04F79EFBC}") = "API", "API\API.csproj", "{EF9B8A70-2A50-4909-A732-502EEB14425D}"
EndProject
Project("{E53339B2-1760-4266-BCC7-CA923CBCF16C}") = "docker-compose", "docker-compose.dcproj", "{839C988C-E781-4DAE-ABDE-8A4EDBA3D864}"
EndProject
Global
	GlobalSection(SolutionConfigurationPlatforms) = preSolution
		Debug|Any CPU = Debug|Any CPU
		Release|Any CPU = Release|Any CPU
	EndGlobalSection
	GlobalSection(ProjectConfigurationPlatforms) = postSolution
		{60E156C7-5086-48CC-BF46-A51D94D21513}.Debug|Any CPU.ActiveCfg = Debug|Any CPU
		{60E156C7-5086-48CC-BF46-A51D94D21513}.Debug|Any CPU.Build.0 = Debug|Any CPU
		{60E156C7-5086-48CC-BF46-A51D94D21513}.Release|Any CPU.ActiveCfg = Release|Any CPU
		{60E156C7-5086-48CC-BF46-A51D94D21513}.Release|Any CPU.Build.0 = Release|Any CPU
		{92F4F4F5-4D47-400E-A9BF-EAF1E496362D}.Debug|Any CPU.ActiveCfg = Debug|Any CPU
		{92F4F4F5-4D47-400E-A9BF-EAF1E496362D}.Debug|Any CPU.Build.0 = Debug|Any CPU
		{92F4F4F5-4D47-400E-A9BF-EAF1E496362D}.Release|Any CPU.ActiveCfg = Release|Any CPU
		{92F4F4F5-4D47-400E-A9BF-EAF1E496362D}.Release|Any CPU.Build.0 = Release|Any CPU
		{EF9B8A70-2A50-4909-A732-502EEB14425D}.Debug|Any CPU.ActiveCfg = Debug|Any CPU
		{EF9B8A70-2A50-4909-A732-502EEB14425D}.Debug|Any CPU.Build.0 = Debug|Any CPU
		{EF9B8A70-2A50-4909-A732-502EEB14425D}.Release|Any CPU.ActiveCfg = Release|Any CPU
		{EF9B8A70-2A50-4909-A732-502EEB14425D}.Release|Any CPU.Build.0 = Release|Any CPU
		{839C988C-E781-4DAE-ABDE-8A4EDBA3D864}.Debug|Any CPU.ActiveCfg = Debug|Any CPU
		{839C988C-E781-4DAE-ABDE-8A4EDBA3D864}.Debug|Any CPU.Build.0 = Debug|Any CPU
		{839C988C-E781-4DAE-ABDE-8A4EDBA3D864}.Release|Any CPU.ActiveCfg = Release|Any CPU
		{839C988C-E781-4DAE-ABDE-8A4EDBA3D864}.Release|Any CPU.Build.0 = Release|Any CPU
	EndGlobalSection
	GlobalSection(SolutionProperties) = preSolution
		HideSolutionNode = FALSE
	EndGlobalSection
	GlobalSection(ExtensibilityGlobals) = postSolution
		SolutionGuid = {AD1D3EA4-508D-4FBE-88DC-E02EB278F941}
	EndGlobalSection
EndGlobal
